
Microsoft Visual Studio Solution File, Format Version 12.00
# Visual Studio Version 17
VisualStudioVersion = 17.13.35931.197
MinimumVisualStudioVersion = 10.0.40219.1
Project("{FAE04EC0-301F-11D3-BF4B-00C04F79EFBC}") = "API_REST_CURSOSACADEMICOS", "API_REST_CURSOSACADEMICOS.csproj", "{2D2FC80E-FCC8-43DC-83F9-6D53CB124120}"
EndProject
Project("{FAE04EC0-301F-11D3-BF4B-00C04F79EFBC}") = "API_REST_CURSOSACADEMICOS.Domain", "API_REST_CURSOSACADEMICOS.Domain\API_REST_CURSOSACADEMICOS.Domain.csproj", "{63976AD7-4762-4D03-9A7B-5A5BE33D352F}"
EndProject
Project("{FAE04EC0-301F-11D3-BF4B-00C04F79EFBC}") = "API_REST_CURSOSACADEMICOS.Application", "API_REST_CURSOSACADEMICOS.Application\API_REST_CURSOSACADEMICOS.Application.csproj", "{21B2D287-2F79-42A8-8369-D4A9AF7915AB}"
EndProject
Project("{FAE04EC0-301F-11D3-BF4B-00C04F79EFBC}") = "API_REST_CURSOSACADEMICOS.Infrastructure", "API_REST_CURSOSACADEMICOS.Infrastructure\API_REST_CURSOSACADEMICOS.Infrastructure.csproj", "{D6E49CCF-DEC5-4B06-869B-3B33740A9BE1}"
EndProject
Project("{FAE04EC0-301F-11D3-BF4B-00C04F79EFBC}") = "API_REST_CURSOSACADEMICOS.Tests", "API_REST_CURSOSACADEMICOS.Tests\API_REST_CURSOSACADEMICOS.Tests.csproj", "{AA6285A5-FA4B-4AC8-9545-FB6EBA256821}"
EndProject
Global
	GlobalSection(SolutionConfigurationPlatforms) = preSolution
		Debug|Any CPU = Debug|Any CPU
		Debug|x64 = Debug|x64
		Debug|x86 = Debug|x86
		Release|Any CPU = Release|Any CPU
		Release|x64 = Release|x64
		Release|x86 = Release|x86
	EndGlobalSection
	GlobalSection(ProjectConfigurationPlatforms) = postSolution
		{2D2FC80E-FCC8-43DC-83F9-6D53CB124120}.Debug|Any CPU.ActiveCfg = Debug|Any CPU
		{2D2FC80E-FCC8-43DC-83F9-6D53CB124120}.Debug|Any CPU.Build.0 = Debug|Any CPU
		{2D2FC80E-FCC8-43DC-83F9-6D53CB124120}.Debug|x64.ActiveCfg = Debug|Any CPU
		{2D2FC80E-FCC8-43DC-83F9-6D53CB124120}.Debug|x64.Build.0 = Debug|Any CPU
		{2D2FC80E-FCC8-43DC-83F9-6D53CB124120}.Debug|x86.ActiveCfg = Debug|Any CPU
		{2D2FC80E-FCC8-43DC-83F9-6D53CB124120}.Debug|x86.Build.0 = Debug|Any CPU
		{2D2FC80E-FCC8-43DC-83F9-6D53CB124120}.Release|Any CPU.ActiveCfg = Release|Any CPU
		{2D2FC80E-FCC8-43DC-83F9-6D53CB124120}.Release|Any CPU.Build.0 = Release|Any CPU
		{2D2FC80E-FCC8-43DC-83F9-6D53CB124120}.Release|x64.ActiveCfg = Release|Any CPU
		{2D2FC80E-FCC8-43DC-83F9-6D53CB124120}.Release|x64.Build.0 = Release|Any CPU
		{2D2FC80E-FCC8-43DC-83F9-6D53CB124120}.Release|x86.ActiveCfg = Release|Any CPU
		{2D2FC80E-FCC8-43DC-83F9-6D53CB124120}.Release|x86.Build.0 = Release|Any CPU
		{63976AD7-4762-4D03-9A7B-5A5BE33D352F}.Debug|Any CPU.ActiveCfg = Debug|Any CPU
		{63976AD7-4762-4D03-9A7B-5A5BE33D352F}.Debug|Any CPU.Build.0 = Debug|Any CPU
		{63976AD7-4762-4D03-9A7B-5A5BE33D352F}.Debug|x64.ActiveCfg = Debug|Any CPU
		{63976AD7-4762-4D03-9A7B-5A5BE33D352F}.Debug|x64.Build.0 = Debug|Any CPU
		{63976AD7-4762-4D03-9A7B-5A5BE33D352F}.Debug|x86.ActiveCfg = Debug|Any CPU
		{63976AD7-4762-4D03-9A7B-5A5BE33D352F}.Debug|x86.Build.0 = Debug|Any CPU
		{63976AD7-4762-4D03-9A7B-5A5BE33D352F}.Release|Any CPU.ActiveCfg = Release|Any CPU
		{63976AD7-4762-4D03-9A7B-5A5BE33D352F}.Release|Any CPU.Build.0 = Release|Any CPU
		{63976AD7-4762-4D03-9A7B-5A5BE33D352F}.Release|x64.ActiveCfg = Release|Any CPU
		{63976AD7-4762-4D03-9A7B-5A5BE33D352F}.Release|x64.Build.0 = Release|Any CPU
		{63976AD7-4762-4D03-9A7B-5A5BE33D352F}.Release|x86.ActiveCfg = Release|Any CPU
		{63976AD7-4762-4D03-9A7B-5A5BE33D352F}.Release|x86.Build.0 = Release|Any CPU
		{21B2D287-2F79-42A8-8369-D4A9AF7915AB}.Debug|Any CPU.ActiveCfg = Debug|Any CPU
		{21B2D287-2F79-42A8-8369-D4A9AF7915AB}.Debug|Any CPU.Build.0 = Debug|Any CPU
		{21B2D287-2F79-42A8-8369-D4A9AF7915AB}.Debug|x64.ActiveCfg = Debug|Any CPU
		{21B2D287-2F79-42A8-8369-D4A9AF7915AB}.Debug|x64.Build.0 = Debug|Any CPU
		{21B2D287-2F79-42A8-8369-D4A9AF7915AB}.Debug|x86.ActiveCfg = Debug|Any CPU
		{21B2D287-2F79-42A8-8369-D4A9AF7915AB}.Debug|x86.Build.0 = Debug|Any CPU
		{21B2D287-2F79-42A8-8369-D4A9AF7915AB}.Release|Any CPU.ActiveCfg = Release|Any CPU
		{21B2D287-2F79-42A8-8369-D4A9AF7915AB}.Release|Any CPU.Build.0 = Release|Any CPU
		{21B2D287-2F79-42A8-8369-D4A9AF7915AB}.Release|x64.ActiveCfg = Release|Any CPU
		{21B2D287-2F79-42A8-8369-D4A9AF7915AB}.Release|x64.Build.0 = Release|Any CPU
		{21B2D287-2F79-42A8-8369-D4A9AF7915AB}.Release|x86.ActiveCfg = Release|Any CPU
		{21B2D287-2F79-42A8-8369-D4A9AF7915AB}.Release|x86.Build.0 = Release|Any CPU
		{D6E49CCF-DEC5-4B06-869B-3B33740A9BE1}.Debug|Any CPU.ActiveCfg = Debug|Any CPU
		{D6E49CCF-DEC5-4B06-869B-3B33740A9BE1}.Debug|Any CPU.Build.0 = Debug|Any CPU
		{D6E49CCF-DEC5-4B06-869B-3B33740A9BE1}.Debug|x64.ActiveCfg = Debug|Any CPU
		{D6E49CCF-DEC5-4B06-869B-3B33740A9BE1}.Debug|x64.Build.0 = Debug|Any CPU
		{D6E49CCF-DEC5-4B06-869B-3B33740A9BE1}.Debug|x86.ActiveCfg = Debug|Any CPU
		{D6E49CCF-DEC5-4B06-869B-3B33740A9BE1}.Debug|x86.Build.0 = Debug|Any CPU
		{D6E49CCF-DEC5-4B06-869B-3B33740A9BE1}.Release|Any CPU.ActiveCfg = Release|Any CPU
		{D6E49CCF-DEC5-4B06-869B-3B33740A9BE1}.Release|Any CPU.Build.0 = Release|Any CPU
		{D6E49CCF-DEC5-4B06-869B-3B33740A9BE1}.Release|x64.ActiveCfg = Release|Any CPU
		{D6E49CCF-DEC5-4B06-869B-3B33740A9BE1}.Release|x64.Build.0 = Release|Any CPU
		{D6E49CCF-DEC5-4B06-869B-3B33740A9BE1}.Release|x86.ActiveCfg = Release|Any CPU
		{D6E49CCF-DEC5-4B06-869B-3B33740A9BE1}.Release|x86.Build.0 = Release|Any CPU
		{AA6285A5-FA4B-4AC8-9545-FB6EBA256821}.Debug|Any CPU.ActiveCfg = Debug|Any CPU
		{AA6285A5-FA4B-4AC8-9545-FB6EBA256821}.Debug|Any CPU.Build.0 = Debug|Any CPU
		{AA6285A5-FA4B-4AC8-9545-FB6EBA256821}.Debug|x64.ActiveCfg = Debug|Any CPU
		{AA6285A5-FA4B-4AC8-9545-FB6EBA256821}.Debug|x64.Build.0 = Debug|Any CPU
		{AA6285A5-FA4B-4AC8-9545-FB6EBA256821}.Debug|x86.ActiveCfg = Debug|Any CPU
		{AA6285A5-FA4B-4AC8-9545-FB6EBA256821}.Debug|x86.Build.0 = Debug|Any CPU
		{AA6285A5-FA4B-4AC8-9545-FB6EBA256821}.Release|Any CPU.ActiveCfg = Release|Any CPU
		{AA6285A5-FA4B-4AC8-9545-FB6EBA256821}.Release|Any CPU.Build.0 = Release|Any CPU
		{AA6285A5-FA4B-4AC8-9545-FB6EBA256821}.Release|x64.ActiveCfg = Release|Any CPU
		{AA6285A5-FA4B-4AC8-9545-FB6EBA256821}.Release|x64.Build.0 = Release|Any CPU
		{AA6285A5-FA4B-4AC8-9545-FB6EBA256821}.Release|x86.ActiveCfg = Release|Any CPU
		{AA6285A5-FA4B-4AC8-9545-FB6EBA256821}.Release|x86.Build.0 = Release|Any CPU
	EndGlobalSection
	GlobalSection(SolutionProperties) = preSolution
		HideSolutionNode = FALSE
	EndGlobalSection
	GlobalSection(ExtensibilityGlobals) = postSolution
		SolutionGuid = {8124647A-D043-46EC-8439-76B2676FDC19}
	EndGlobalSection
EndGlobal
